
Microsoft Visual Studio Solution File, Format Version 12.00
# Visual Studio Version 17
VisualStudioVersion = 17.8.34309.116
MinimumVisualStudioVersion = 10.0.40219.1
Project("{FAE04EC0-301F-11D3-BF4B-00C04F79EFBC}") = "Module9HW", "Module9HW\Module9HW.csproj", "{376D6B27-4132-420F-8B24-F9F10498933D}"
EndProject
Global
	GlobalSection(SolutionConfigurationPlatforms) = preSolution
		Debug|Any CPU = Debug|Any CPU
		Release|Any CPU = Release|Any CPU
	EndGlobalSection
	GlobalSection(ProjectConfigurationPlatforms) = postSolution
		{376D6B27-4132-420F-8B24-F9F10498933D}.Debug|Any CPU.ActiveCfg = Debug|Any CPU
		{376D6B27-4132-420F-8B24-F9F10498933D}.Debug|Any CPU.Build.0 = Debug|Any CPU
		{376D6B27-4132-420F-8B24-F9F10498933D}.Release|Any CPU.ActiveCfg = Release|Any CPU
		{376D6B27-4132-420F-8B24-F9F10498933D}.Release|Any CPU.Build.0 = Release|Any CPU
	EndGlobalSection
	GlobalSection(SolutionProperties) = preSolution
		HideSolutionNode = FALSE
	EndGlobalSection
	GlobalSection(ExtensibilityGlobals) = postSolution
		SolutionGuid = {E2F492B6-DE22-48E3-893A-5DE7ABF24113}
	EndGlobalSection
EndGlobal
